
Microsoft Visual Studio Solution File, Format Version 12.00
# Visual Studio Version 17
VisualStudioVersion = 17.1.32228.430
MinimumVisualStudioVersion = 10.0.40219.1
Project("{8BC9CEB8-8B4A-11D0-8D11-00A0C91BC942}") = "heap_replacer", "heap_replacer\heap_replacer.vcxproj", "{B7641A6B-8A63-42E6-84FE-FF4D0C871DF1}"
EndProject
Project("{8BC9CEB8-8B4A-11D0-8D11-00A0C91BC942}") = "cpu_info", "cpu_info\cpu_info.vcxproj", "{7835DA3E-6140-4E3B-B7AD-1AF48B254FAE}"
EndProject
Project("{2150E333-8FDC-42A3-9474-1A3956D46DE8}") = "Solution Items", "Solution Items", "{4692FA0E-04FF-4B52-962B-90B4B0910185}"
	ProjectSection(SolutionItems) = preProject
		.clang-format = .clang-format
	EndProjectSection
EndProject
Global
	GlobalSection(SolutionConfigurationPlatforms) = preSolution
		FNV|x86 = FNV|x86
	EndGlobalSection
	GlobalSection(ProjectConfigurationPlatforms) = postSolution
		{B7641A6B-8A63-42E6-84FE-FF4D0C871DF1}.FNV|x86.ActiveCfg = Release|Win32
		{B7641A6B-8A63-42E6-84FE-FF4D0C871DF1}.FNV|x86.Build.0 = Release|Win32
		{7835DA3E-6140-4E3B-B7AD-1AF48B254FAE}.FNV|x86.ActiveCfg = Release|Win32
		{7835DA3E-6140-4E3B-B7AD-1AF48B254FAE}.FNV|x86.Build.0 = Release|Win32
	EndGlobalSection
	GlobalSection(SolutionProperties) = preSolution
		HideSolutionNode = FALSE
	EndGlobalSection
	GlobalSection(ExtensibilityGlobals) = postSolution
		SolutionGuid = {BE275BA0-C6D4-4685-96DB-77DD3D7767C1}
	EndGlobalSection
EndGlobal
